
Microsoft Visual Studio Solution File, Format Version 12.00
# Visual Studio 14
VisualStudioVersion = 14.0.25420.1
MinimumVisualStudioVersion = 10.0.40219.1
Project("{8BC9CEB8-8B4A-11D0-8D11-00A0C91BC942}") = "ChatServer", "ChatServer\ChatServer.vcxproj", "{9696B190-8A31-45BA-A43E-0287102EF438}"
EndProject
Project("{8BC9CEB8-8B4A-11D0-8D11-00A0C91BC942}") = "FormatterText", "FormatterText\FormatterText.vcxproj", "{C80973C2-345D-4C64-B3D6-08D351C0BD33}"
EndProject
Project("{8BC9CEB8-8B4A-11D0-8D11-00A0C91BC942}") = "ChatClient", "ChatClient\ChatClient.vcxproj", "{586918E0-966B-4FA6-8607-DF48C60B09E4}"
EndProject
Global
	GlobalSection(SolutionConfigurationPlatforms) = preSolution
		Debug|x64 = Debug|x64
		Debug|x86 = Debug|x86
		Release|x64 = Release|x64
		Release|x86 = Release|x86
	EndGlobalSection
	GlobalSection(ProjectConfigurationPlatforms) = postSolution
		{9696B190-8A31-45BA-A43E-0287102EF438}.Debug|x64.ActiveCfg = Debug|x64
		{9696B190-8A31-45BA-A43E-0287102EF438}.Debug|x64.Build.0 = Debug|x64
		{9696B190-8A31-45BA-A43E-0287102EF438}.Debug|x86.ActiveCfg = Debug|Win32
		{9696B190-8A31-45BA-A43E-0287102EF438}.Debug|x86.Build.0 = Debug|Win32
		{9696B190-8A31-45BA-A43E-0287102EF438}.Release|x64.ActiveCfg = Release|x64
		{9696B190-8A31-45BA-A43E-0287102EF438}.Release|x64.Build.0 = Release|x64
		{9696B190-8A31-45BA-A43E-0287102EF438}.Release|x86.ActiveCfg = Release|Win32
		{9696B190-8A31-45BA-A43E-0287102EF438}.Release|x86.Build.0 = Release|Win32
		{C80973C2-345D-4C64-B3D6-08D351C0BD33}.Debug|x64.ActiveCfg = Debug|x64
		{C80973C2-345D-4C64-B3D6-08D351C0BD33}.Debug|x64.Build.0 = Debug|x64
		{C80973C2-345D-4C64-B3D6-08D351C0BD33}.Debug|x86.ActiveCfg = Debug|Win32
		{C80973C2-345D-4C64-B3D6-08D351C0BD33}.Debug|x86.Build.0 = Debug|Win32
		{C80973C2-345D-4C64-B3D6-08D351C0BD33}.Release|x64.ActiveCfg = Release|x64
		{C80973C2-345D-4C64-B3D6-08D351C0BD33}.Release|x64.Build.0 = Release|x64
		{C80973C2-345D-4C64-B3D6-08D351C0BD33}.Release|x86.ActiveCfg = Release|Win32
		{C80973C2-345D-4C64-B3D6-08D351C0BD33}.Release|x86.Build.0 = Release|Win32
		{586918E0-966B-4FA6-8607-DF48C60B09E4}.Debug|x64.ActiveCfg = Debug|x64
		{586918E0-966B-4FA6-8607-DF48C60B09E4}.Debug|x64.Build.0 = Debug|x64
		{586918E0-966B-4FA6-8607-DF48C60B09E4}.Debug|x86.ActiveCfg = Debug|Win32
		{586918E0-966B-4FA6-8607-DF48C60B09E4}.Debug|x86.Build.0 = Debug|Win32
		{586918E0-966B-4FA6-8607-DF48C60B09E4}.Release|x64.ActiveCfg = Release|x64
		{586918E0-966B-4FA6-8607-DF48C60B09E4}.Release|x64.Build.0 = Release|x64
		{586918E0-966B-4FA6-8607-DF48C60B09E4}.Release|x86.ActiveCfg = Release|Win32
		{586918E0-966B-4FA6-8607-DF48C60B09E4}.Release|x86.Build.0 = Release|Win32
	EndGlobalSection
	GlobalSection(SolutionProperties) = preSolution
		HideSolutionNode = FALSE
	EndGlobalSection
EndGlobal
